// !$*UTF8*$!
{
	archiveVersion = 1;
	classes = {
	};
	objectVersion = 46;
	objects = {

/* Begin PBXBuildFile section */
		B21207231DFCFE2200539F5A /* AppDelegate.swift in Sources */ = {isa = PBXBuildFile; fileRef = B21207221DFCFE2200539F5A /* AppDelegate.swift */; };
		B21207251DFCFE2200539F5A /* ViewController.swift in Sources */ = {isa = PBXBuildFile; fileRef = B21207241DFCFE2200539F5A /* ViewController.swift */; };
		B21207281DFCFE2200539F5A /* Main.storyboard in Resources */ = {isa = PBXBuildFile; fileRef = B21207261DFCFE2200539F5A /* Main.storyboard */; };
		B212072A1DFCFE2200539F5A /* Assets.xcassets in Resources */ = {isa = PBXBuildFile; fileRef = B21207291DFCFE2200539F5A /* Assets.xcassets */; };
		B212072D1DFCFE2200539F5A /* LaunchScreen.storyboard in Resources */ = {isa = PBXBuildFile; fileRef = B212072B1DFCFE2200539F5A /* LaunchScreen.storyboard */; };
/* End PBXBuildFile section */

/* Begin PBXFileReference section */
		B212071F1DFCFE2200539F5A /* Bounce Animation.app */ = {isa = PBXFileReference; explicitFileType = wrapper.application; includeInIndex = 0; path = "Bounce Animation.app"; sourceTree = BUILT_PRODUCTS_DIR; };
		B21207221DFCFE2200539F5A /* AppDelegate.swift */ = {isa = PBXFileReference; lastKnownFileType = sourcecode.swift; path = AppDelegate.swift; sourceTree = "<group>"; };
		B21207241DFCFE2200539F5A /* ViewController.swift */ = {isa = PBXFileReference; lastKnownFileType = sourcecode.swift; path = ViewController.swift; sourceTree = "<group>"; };
		B21207271DFCFE2200539F5A /* Base */ = {isa = PBXFileReference; lastKnownFileType = file.storyboard; name = Base; path = Base.lproj/Main.storyboard; sourceTree = "<group>"; };
		B21207291DFCFE2200539F5A /* Assets.xcassets */ = {isa = PBXFileReference; lastKnownFileType = folder.assetcatalog; path = Assets.xcassets; sourceTree = "<group>"; };
		B212072C1DFCFE2200539F5A /* Base */ = {isa = PBXFileReference; lastKnownFileType = file.storyboard; name = Base; path = Base.lproj/LaunchScreen.storyboard; sourceTree = "<group>"; };
		B212072E1DFCFE2200539F5A /* Info.plist */ = {isa = PBXFileReference; lastKnownFileType = text.plist.xml; path = Info.plist; sourceTree = "<group>"; };
/* End PBXFileReference section */

/* Begin PBXFrameworksBuildPhase section */
		B212071C1DFCFE2200539F5A /* Frameworks */ = {
			isa = PBXFrameworksBuildPhase;
			buildActionMask = 2147483647;
			files = (
			);
			runOnlyForDeploymentPostprocessing = 0;
		};
/* End PBXFrameworksBuildPhase section */

/* Begin PBXGroup section */
		B21207161DFCFE2200539F5A = {
			isa = PBXGroup;
			children = (
				B21207211DFCFE2200539F5A /* Bounce Animation */,
				B21207201DFCFE2200539F5A /* Products */,
			);
			sourceTree = "<group>";
		};
		B21207201DFCFE2200539F5A /* Products */ = {
			isa = PBXGroup;
			children = (
				B212071F1DFCFE2200539F5A /* Bounce Animation.app */,
			);
			name = Products;
			sourceTree = "<group>";
		};
		B21207211DFCFE2200539F5A /* Bounce Animation */ = {
			isa = PBXGroup;
			children = (
				B21207221DFCFE2200539F5A /* AppDelegate.swift */,
				B21207241DFCFE2200539F5A /* ViewController.swift */,
				B21207261DFCFE2200539F5A /* Main.storyboard */,
				B21207291DFCFE2200539F5A /* Assets.xcassets */,
				B212072B1DFCFE2200539F5A /* LaunchScreen.storyboard */,
				B212072E1DFCFE2200539F5A /* Info.plist */,
			);
			path = "Bounce Animation";
			sourceTree = "<group>";
		};
/* End PBXGroup section */

/* Begin PBXNativeTarget section */
		B212071E1DFCFE2200539F5A /* Bounce Animation */ = {
			isa = PBXNativeTarget;
			buildConfigurationList = B21207311DFCFE2200539F5A /* Build configuration list for PBXNativeTarget "Bounce Animation" */;
			buildPhases = (
				B212071B1DFCFE2200539F5A /* Sources */,
				B212071C1DFCFE2200539F5A /* Frameworks */,
				B212071D1DFCFE2200539F5A /* Resources */,
			);
			buildRules = (
			);
			dependencies = (
			);
			name = "Bounce Animation";
			productName = "Bounce Animation";
			productReference = B212071F1DFCFE2200539F5A /* Bounce Animation.app */;
			productType = "com.apple.product-type.application";
		};
/* End PBXNativeTarget section */

/* Begin PBXProject section */
		B21207171DFCFE2200539F5A /* Project object */ = {
			isa = PBXProject;
			attributes = {
				LastSwiftUpdateCheck = 0810;
				LastUpgradeCheck = 0810;
				ORGANIZATIONNAME = "Parth Changela";
				TargetAttributes = {
					B212071E1DFCFE2200539F5A = {
						CreatedOnToolsVersion = 8.1;
						ProvisioningStyle = Automatic;
					};
				};
			};
			buildConfigurationList = B212071A1DFCFE2200539F5A /* Build configuration list for PBXProject "Bounce Animation" */;
			compatibilityVersion = "Xcode 3.2";
			developmentRegion = English;
			hasScannedForEncodings = 0;
			knownRegions = (
				en,
				Base,
			);
			mainGroup = B21207161DFCFE2200539F5A;
			productRefGroup = B21207201DFCFE2200539F5A /* Products */;
			projectDirPath = "";
			projectRoot = "";
			targets = (
				B212071E1DFCFE2200539F5A /* Bounce Animation */,
			);
		};
/* End PBXProject section */

/* Begin PBXResourcesBuildPhase section */
		B212071D1DFCFE2200539F5A /* Resources */ = {
			isa = PBXResourcesBuildPhase;
			buildActionMask = 2147483647;
			files = (
				B212072D1DFCFE2200539F5A /* LaunchScreen.storyboard in Resources */,
				B212072A1DFCFE2200539F5A /* Assets.xcassets in Resources */,
				B21207281DFCFE2200539F5A /* Main.storyboard in Resources */,
			);
			runOnlyForDeploymentPostprocessing = 0;
		};
/* End PBXResourcesBuildPhase section */

/* Begin PBXSourcesBuildPhase section */
		B212071B1DFCFE2200539F5A /* Sources */ = {
			isa = PBXSourcesBuildPhase;
			buildActionMask = 2147483647;
			files = (
				B21207251DFCFE2200539F5A /* ViewController.swift in Sources */,
				B21207231DFCFE2200539F5A /* AppDelegate.swift in Sources */,
			);
			runOnlyForDeploymentPostprocessing = 0;
		};
/* End PBXSourcesBuildPhase section */

/* Begin PBXVariantGroup section */
		B21207261DFCFE2200539F5A /* Main.storyboard */ = {
			isa = PBXVariantGroup;
			children = (
				B21207271DFCFE2200539F5A /* Base */,
			);
			name = Main.storyboard;
			sourceTree = "<group>";
		};
		B212072B1DFCFE2200539F5A /* LaunchScreen.storyboard */ = {
			isa = PBXVariantGroup;
			children = (
				B212072C1DFCFE2200539F5A /* Base */,
			);
			name = LaunchScreen.storyboard;
			sourceTree = "<group>";
		};
/* End PBXVariantGroup section */

/* Begin XCBuildConfiguration section */
		B212072F1DFCFE2200539F5A /* Debug */ = {
			isa = XCBuildConfiguration;
			buildSettings = {
				ALWAYS_SEARCH_USER_PATHS = NO;
				CLANG_ANALYZER_NONNULL = YES;
				CLANG_CXX_LANGUAGE_STANDARD = "gnu++0x";
				CLANG_CXX_LIBRARY = "libc++";
				CLANG_ENABLE_MODULES = YES;
				CLANG_ENABLE_OBJC_ARC = YES;
				CLANG_WARN_BOOL_CONVERSION = YES;
				CLANG_WARN_CONSTANT_CONVERSION = YES;
				CLANG_WARN_DIRECT_OBJC_ISA_USAGE = YES_ERROR;
				CLANG_WARN_DOCUMENTATION_COMMENTS = YES;
				CLANG_WARN_EMPTY_BODY = YES;
				CLANG_WARN_ENUM_CONVERSION = YES;
				CLANG_WARN_INFINITE_RECURSION = YES;
				CLANG_WARN_INT_CONVERSION = YES;
				CLANG_WARN_OBJC_ROOT_CLASS = YES_ERROR;
				CLANG_WARN_SUSPICIOUS_MOVES = YES;
				CLANG_WARN_UNREACHABLE_CODE = YES;
				CLANG_WARN__DUPLICATE_METHOD_MATCH = YES;
				"CODE_SIGN_IDENTITY[sdk=iphoneos*]" = "iPhone Developer";
				COPY_PHASE_STRIP = NO;
				DEBUG_INFORMATION_FORMAT = dwarf;
				ENABLE_STRICT_OBJC_MSGSEND = YES;
				ENABLE_TESTABILITY = YES;
				GCC_C_LANGUAGE_STANDARD = gnu99;
				GCC_DYNAMIC_NO_PIC = NO;
				GCC_NO_COMMON_BLOCKS = YES;
				GCC_OPTIMIZATION_LEVEL = 0;
				GCC_PREPROCESSOR_DEFINITIONS = (
					"DEBUG=1",
					"$(inherited)",
				);
				GCC_WARN_64_TO_32_BIT_CONVERSION = YES;
				GCC_WARN_ABOUT_RETURN_TYPE = YES_ERROR;
				GCC_WARN_UNDECLARED_SELECTOR = YES;
				GCC_WARN_UNINITIALIZED_AUTOS = YES_AGGRESSIVE;
				GCC_WARN_UNUSED_FUNCTION = YES;
				GCC_WARN_UNUSED_VARIABLE = YES;
				IPHONEOS_DEPLOYMENT_TARGET = 10.1;
				MTL_ENABLE_DEBUG_INFO = YES;
				ONLY_ACTIVE_ARCH = YES;
				SDKROOT = iphoneos;
				SWIFT_ACTIVE_COMPILATION_CONDITIONS = DEBUG;
				SWIFT_OPTIMIZATION_LEVEL = "-Onone";
				TARGETED_DEVICE_FAMILY = "1,2";
			};
			name = Debug;
		};
		B21207301DFCFE2200539F5A /* Release */ = {
			isa = XCBuildConfiguration;
			buildSettings = {
				ALWAYS_SEARCH_USER_PATHS = NO;
				CLANG_ANALYZER_NONNULL = YES;
				CLANG_CXX_LANGUAGE_STANDARD = "gnu++0x";
				CLANG_CXX_LIBRARY = "libc++";
				CLANG_ENABLE_MODULES = YES;
				CLANG_ENABLE_OBJC_ARC = YES;
				CLANG_WARN_BOOL_CONVERSION = YES;
				CLANG_WARN_CONSTANT_CONVERSION = YES;
				CLANG_WARN_DIRECT_OBJC_ISA_USAGE = YES_ERROR;
				CLANG_WARN_DOCUMENTATION_COMMENTS = YES;
				CLANG_WARN_EMPTY_BODY = YES;
				CLANG_WARN_ENUM_CONVERSION = YES;
				CLANG_WARN_INFINITE_RECURSION = YES;
				CLANG_WARN_INT_CONVERSION = YES;
				CLANG_WARN_OBJC_ROOT_CLASS = YES_ERROR;
				CLANG_WARN_SUSPICIOUS_MOVES = YES;
				CLANG_WARN_UNREACHABLE_CODE = YES;
				CLANG_WARN__DUPLICATE_METHOD_MATCH = YES;
				"CODE_SIGN_IDENTITY[sdk=iphoneos*]" = "iPhone Developer";
				COPY_PHASE_STRIP = NO;
				DEBUG_INFORMATION_FORMAT = "dwarf-with-dsym";
				ENABLE_NS_ASSERTIONS = NO;
				ENABLE_STRICT_OBJC_MSGSEND = YES;
				GCC_C_LANGUAGE_STANDARD = gnu99;
				GCC_NO_COMMON_BLOCKS = YES;
				GCC_WARN_64_TO_32_BIT_CONVERSION = YES;
				GCC_WARN_ABOUT_RETURN_TYPE = YES_ERROR;
				GCC_WARN_UNDECLARED_SELECTOR = YES;
				GCC_WARN_UNINITIALIZED_AUTOS = YES_AGGRESSIVE;
				GCC_WARN_UNUSED_FUNCTION = YES;
				GCC_WARN_UNUSED_VARIABLE = YES;
				IPHONEOS_DEPLOYMENT_TARGET = 10.1;
				MTL_ENABLE_DEBUG_INFO = NO;
				SDKROOT = iphoneos;
				SWIFT_OPTIMIZATION_LEVEL = "-Owholemodule";
				TARGETED_DEVICE_FAMILY = "1,2";
				VALIDATE_PRODUCT = YES;
			};
			name = Release;
		};
		B21207321DFCFE2200539F5A /* Debug */ = {
			isa = XCBuildConfiguration;
			buildSettings = {
				ASSETCATALOG_COMPILER_APPICON_NAME = AppIcon;
				INFOPLIST_FILE = "Bounce Animation/Info.plist";
				LD_RUNPATH_SEARCH_PATHS = "$(inherited) @executable_path/Frameworks";
				PRODUCT_BUNDLE_IDENTIFIER = "parth.Bounce-Animation";
				PRODUCT_NAME = "$(TARGET_NAME)";
				SWIFT_VERSION = 3.0;
			};
			name = Debug;
		};
		B21207331DFCFE2200539F5A /* Release */ = {
			isa = XCBuildConfiguration;
			buildSettings = {
				ASSETCATALOG_COMPILER_APPICON_NAME = AppIcon;
				INFOPLIST_FILE = "Bounce Animation/Info.plist";
				LD_RUNPATH_SEARCH_PATHS = "$(inherited) @executable_path/Frameworks";
				PRODUCT_BUNDLE_IDENTIFIER = "parth.Bounce-Animation";
				PRODUCT_NAME = "$(TARGET_NAME)";
				SWIFT_VERSION = 3.0;
			};
			name = Release;
		};
/* End XCBuildConfiguration section */

/* Begin XCConfigurationList section */
		B212071A1DFCFE2200539F5A /* Build configuration list for PBXProject "Bounce Animation" */ = {
			isa = XCConfigurationList;
			buildConfigurations = (
				B212072F1DFCFE2200539F5A /* Debug */,
				B21207301DFCFE2200539F5A /* Release */,
			);
			defaultConfigurationIsVisible = 0;
			defaultConfigurationName = Release;
		};
		B21207311DFCFE2200539F5A /* Build configuration list for PBXNativeTarget "Bounce Animation" */ = {
			isa = XCConfigurationList;
			buildConfigurations = (
				B21207321DFCFE2200539F5A /* Debug */,
				B21207331DFCFE2200539F5A /* Release */,
			);
			defaultConfigurationIsVisible = 0;
		};
/* End XCConfigurationList section */
	};
	rootObject = B21207171DFCFE2200539F5A /* Project object */;
}
